
Microsoft Visual Studio Solution File, Format Version 12.00
# Visual Studio 14
VisualStudioVersion = 14.0.25420.1
MinimumVisualStudioVersion = 10.0.40219.1
Project("{FAE04EC0-301F-11D3-BF4B-00C04F79EFBC}") = "Propomon.Droid", "Propomon\Propomon.Droid\Propomon.Droid.csproj", "{0D9C73A1-3739-4D65-A9CC-62BF8748A19C}"
EndProject
Project("{FAE04EC0-301F-11D3-BF4B-00C04F79EFBC}") = "Propomon.iOS", "Propomon\Propomon.iOS\Propomon.iOS.csproj", "{A8C96A08-3556-4594-90AD-7DE110065462}"
EndProject
Project("{FAE04EC0-301F-11D3-BF4B-00C04F79EFBC}") = "Propomon.WinPhone", "Propomon\Propomon.WinPhone\Propomon.WinPhone.csproj", "{233BC35C-9AD4-47C4-BFA7-BF5FC60438ED}"
EndProject
Project("{FAE04EC0-301F-11D3-BF4B-00C04F79EFBC}") = "Propomon.Windows", "Propomon\Propomon.Windows\Propomon.Windows.csproj", "{FD0E6DC1-534C-4537-BC06-88AB526B0E69}"
EndProject
Project("{FAE04EC0-301F-11D3-BF4B-00C04F79EFBC}") = "Propomon", "Propomon\Propomon\Propomon.csproj", "{39596278-2DE8-40CA-BAA1-46DF16D088E0}"
EndProject
Global
	GlobalSection(SolutionConfigurationPlatforms) = preSolution
		Ad-Hoc|Any CPU = Ad-Hoc|Any CPU
		Ad-Hoc|ARM = Ad-Hoc|ARM
		Ad-Hoc|iPhone = Ad-Hoc|iPhone
		Ad-Hoc|iPhoneSimulator = Ad-Hoc|iPhoneSimulator
		Ad-Hoc|x64 = Ad-Hoc|x64
		Ad-Hoc|x86 = Ad-Hoc|x86
		AppStore|Any CPU = AppStore|Any CPU
		AppStore|ARM = AppStore|ARM
		AppStore|iPhone = AppStore|iPhone
		AppStore|iPhoneSimulator = AppStore|iPhoneSimulator
		AppStore|x64 = AppStore|x64
		AppStore|x86 = AppStore|x86
		Debug|Any CPU = Debug|Any CPU
		Debug|ARM = Debug|ARM
		Debug|iPhone = Debug|iPhone
		Debug|iPhoneSimulator = Debug|iPhoneSimulator
		Debug|x64 = Debug|x64
		Debug|x86 = Debug|x86
		Release|Any CPU = Release|Any CPU
		Release|ARM = Release|ARM
		Release|iPhone = Release|iPhone
		Release|iPhoneSimulator = Release|iPhoneSimulator
		Release|x64 = Release|x64
		Release|x86 = Release|x86
	EndGlobalSection
	GlobalSection(ProjectConfigurationPlatforms) = postSolution
		{0D9C73A1-3739-4D65-A9CC-62BF8748A19C}.Ad-Hoc|Any CPU.ActiveCfg = Release|Any CPU
		{0D9C73A1-3739-4D65-A9CC-62BF8748A19C}.Ad-Hoc|Any CPU.Build.0 = Release|Any CPU
		{0D9C73A1-3739-4D65-A9CC-62BF8748A19C}.Ad-Hoc|Any CPU.Deploy.0 = Release|Any CPU
		{0D9C73A1-3739-4D65-A9CC-62BF8748A19C}.Ad-Hoc|ARM.ActiveCfg = Release|Any CPU
		{0D9C73A1-3739-4D65-A9CC-62BF8748A19C}.Ad-Hoc|ARM.Build.0 = Release|Any CPU
		{0D9C73A1-3739-4D65-A9CC-62BF8748A19C}.Ad-Hoc|ARM.Deploy.0 = Release|Any CPU
		{0D9C73A1-3739-4D65-A9CC-62BF8748A19C}.Ad-Hoc|iPhone.ActiveCfg = Release|Any CPU
		{0D9C73A1-3739-4D65-A9CC-62BF8748A19C}.Ad-Hoc|iPhone.Build.0 = Release|Any CPU
		{0D9C73A1-3739-4D65-A9CC-62BF8748A19C}.Ad-Hoc|iPhone.Deploy.0 = Release|Any CPU
		{0D9C73A1-3739-4D65-A9CC-62BF8748A19C}.Ad-Hoc|iPhoneSimulator.ActiveCfg = Release|Any CPU
		{0D9C73A1-3739-4D65-A9CC-62BF8748A19C}.Ad-Hoc|iPhoneSimulator.Build.0 = Release|Any CPU
		{0D9C73A1-3739-4D65-A9CC-62BF8748A19C}.Ad-Hoc|iPhoneSimulator.Deploy.0 = Release|Any CPU
		{0D9C73A1-3739-4D65-A9CC-62BF8748A19C}.Ad-Hoc|x64.ActiveCfg = Release|Any CPU
		{0D9C73A1-3739-4D65-A9CC-62BF8748A19C}.Ad-Hoc|x64.Build.0 = Release|Any CPU
		{0D9C73A1-3739-4D65-A9CC-62BF8748A19C}.Ad-Hoc|x64.Deploy.0 = Release|Any CPU
		{0D9C73A1-3739-4D65-A9CC-62BF8748A19C}.Ad-Hoc|x86.ActiveCfg = Release|Any CPU
		{0D9C73A1-3739-4D65-A9CC-62BF8748A19C}.Ad-Hoc|x86.Build.0 = Release|Any CPU
		{0D9C73A1-3739-4D65-A9CC-62BF8748A19C}.Ad-Hoc|x86.Deploy.0 = Release|Any CPU
		{0D9C73A1-3739-4D65-A9CC-62BF8748A19C}.AppStore|Any CPU.ActiveCfg = Release|Any CPU
		{0D9C73A1-3739-4D65-A9CC-62BF8748A19C}.AppStore|Any CPU.Build.0 = Release|Any CPU
		{0D9C73A1-3739-4D65-A9CC-62BF8748A19C}.AppStore|Any CPU.Deploy.0 = Release|Any CPU
		{0D9C73A1-3739-4D65-A9CC-62BF8748A19C}.AppStore|ARM.ActiveCfg = Release|Any CPU
		{0D9C73A1-3739-4D65-A9CC-62BF8748A19C}.AppStore|ARM.Build.0 = Release|Any CPU
		{0D9C73A1-3739-4D65-A9CC-62BF8748A19C}.AppStore|ARM.Deploy.0 = Release|Any CPU
		{0D9C73A1-3739-4D65-A9CC-62BF8748A19C}.AppStore|iPhone.ActiveCfg = Release|Any CPU
		{0D9C73A1-3739-4D65-A9CC-62BF8748A19C}.AppStore|iPhone.Build.0 = Release|Any CPU
		{0D9C73A1-3739-4D65-A9CC-62BF8748A19C}.AppStore|iPhone.Deploy.0 = Release|Any CPU
		{0D9C73A1-3739-4D65-A9CC-62BF8748A19C}.AppStore|iPhoneSimulator.ActiveCfg = Release|Any CPU
		{0D9C73A1-3739-4D65-A9CC-62BF8748A19C}.AppStore|iPhoneSimulator.Build.0 = Release|Any CPU
		{0D9C73A1-3739-4D65-A9CC-62BF8748A19C}.AppStore|iPhoneSimulator.Deploy.0 = Release|Any CPU
		{0D9C73A1-3739-4D65-A9CC-62BF8748A19C}.AppStore|x64.ActiveCfg = Release|Any CPU
		{0D9C73A1-3739-4D65-A9CC-62BF8748A19C}.AppStore|x64.Build.0 = Release|Any CPU
		{0D9C73A1-3739-4D65-A9CC-62BF8748A19C}.AppStore|x64.Deploy.0 = Release|Any CPU
		{0D9C73A1-3739-4D65-A9CC-62BF8748A19C}.AppStore|x86.ActiveCfg = Release|Any CPU
		{0D9C73A1-3739-4D65-A9CC-62BF8748A19C}.AppStore|x86.Build.0 = Release|Any CPU
		{0D9C73A1-3739-4D65-A9CC-62BF8748A19C}.AppStore|x86.Deploy.0 = Release|Any CPU
		{0D9C73A1-3739-4D65-A9CC-62BF8748A19C}.Debug|Any CPU.ActiveCfg = Debug|Any CPU
		{0D9C73A1-3739-4D65-A9CC-62BF8748A19C}.Debug|Any CPU.Build.0 = Debug|Any CPU
		{0D9C73A1-3739-4D65-A9CC-62BF8748A19C}.Debug|Any CPU.Deploy.0 = Debug|Any CPU
		{0D9C73A1-3739-4D65-A9CC-62BF8748A19C}.Debug|ARM.ActiveCfg = Debug|Any CPU
		{0D9C73A1-3739-4D65-A9CC-62BF8748A19C}.Debug|ARM.Build.0 = Debug|Any CPU
		{0D9C73A1-3739-4D65-A9CC-62BF8748A19C}.Debug|ARM.Deploy.0 = Debug|Any CPU
		{0D9C73A1-3739-4D65-A9CC-62BF8748A19C}.Debug|iPhone.ActiveCfg = Debug|Any CPU
		{0D9C73A1-3739-4D65-A9CC-62BF8748A19C}.Debug|iPhone.Build.0 = Debug|Any CPU
		{0D9C73A1-3739-4D65-A9CC-62BF8748A19C}.Debug|iPhone.Deploy.0 = Debug|Any CPU
		{0D9C73A1-3739-4D65-A9CC-62BF8748A19C}.Debug|iPhoneSimulator.ActiveCfg = Debug|Any CPU
		{0D9C73A1-3739-4D65-A9CC-62BF8748A19C}.Debug|iPhoneSimulator.Build.0 = Debug|Any CPU
		{0D9C73A1-3739-4D65-A9CC-62BF8748A19C}.Debug|iPhoneSimulator.Deploy.0 = Debug|Any CPU
		{0D9C73A1-3739-4D65-A9CC-62BF8748A19C}.Debug|x64.ActiveCfg = Debug|Any CPU
		{0D9C73A1-3739-4D65-A9CC-62BF8748A19C}.Debug|x64.Build.0 = Debug|Any CPU
		{0D9C73A1-3739-4D65-A9CC-62BF8748A19C}.Debug|x64.Deploy.0 = Debug|Any CPU
		{0D9C73A1-3739-4D65-A9CC-62BF8748A19C}.Debug|x86.ActiveCfg = Debug|Any CPU
		{0D9C73A1-3739-4D65-A9CC-62BF8748A19C}.Debug|x86.Build.0 = Debug|Any CPU
		{0D9C73A1-3739-4D65-A9CC-62BF8748A19C}.Debug|x86.Deploy.0 = Debug|Any CPU
		{0D9C73A1-3739-4D65-A9CC-62BF8748A19C}.Release|Any CPU.ActiveCfg = Release|Any CPU
		{0D9C73A1-3739-4D65-A9CC-62BF8748A19C}.Release|Any CPU.Build.0 = Release|Any CPU
		{0D9C73A1-3739-4D65-A9CC-62BF8748A19C}.Release|Any CPU.Deploy.0 = Release|Any CPU
		{0D9C73A1-3739-4D65-A9CC-62BF8748A19C}.Release|ARM.ActiveCfg = Release|Any CPU
		{0D9C73A1-3739-4D65-A9CC-62BF8748A19C}.Release|ARM.Build.0 = Release|Any CPU
		{0D9C73A1-3739-4D65-A9CC-62BF8748A19C}.Release|ARM.Deploy.0 = Release|Any CPU
		{0D9C73A1-3739-4D65-A9CC-62BF8748A19C}.Release|iPhone.ActiveCfg = Release|Any CPU
		{0D9C73A1-3739-4D65-A9CC-62BF8748A19C}.Release|iPhone.Build.0 = Release|Any CPU
		{0D9C73A1-3739-4D65-A9CC-62BF8748A19C}.Release|iPhone.Deploy.0 = Release|Any CPU
		{0D9C73A1-3739-4D65-A9CC-62BF8748A19C}.Release|iPhoneSimulator.ActiveCfg = Release|Any CPU
		{0D9C73A1-3739-4D65-A9CC-62BF8748A19C}.Release|iPhoneSimulator.Build.0 = Release|Any CPU
		{0D9C73A1-3739-4D65-A9CC-62BF8748A19C}.Release|iPhoneSimulator.Deploy.0 = Release|Any CPU
		{0D9C73A1-3739-4D65-A9CC-62BF8748A19C}.Release|x64.ActiveCfg = Release|Any CPU
		{0D9C73A1-3739-4D65-A9CC-62BF8748A19C}.Release|x64.Build.0 = Release|Any CPU
		{0D9C73A1-3739-4D65-A9CC-62BF8748A19C}.Release|x64.Deploy.0 = Release|Any CPU
		{0D9C73A1-3739-4D65-A9CC-62BF8748A19C}.Release|x86.ActiveCfg = Release|Any CPU
		{0D9C73A1-3739-4D65-A9CC-62BF8748A19C}.Release|x86.Build.0 = Release|Any CPU
		{0D9C73A1-3739-4D65-A9CC-62BF8748A19C}.Release|x86.Deploy.0 = Release|Any CPU
		{A8C96A08-3556-4594-90AD-7DE110065462}.Ad-Hoc|Any CPU.ActiveCfg = Ad-Hoc|iPhone
		{A8C96A08-3556-4594-90AD-7DE110065462}.Ad-Hoc|ARM.ActiveCfg = Ad-Hoc|iPhone
		{A8C96A08-3556-4594-90AD-7DE110065462}.Ad-Hoc|iPhone.ActiveCfg = Ad-Hoc|iPhone
		{A8C96A08-3556-4594-90AD-7DE110065462}.Ad-Hoc|iPhone.Build.0 = Ad-Hoc|iPhone
		{A8C96A08-3556-4594-90AD-7DE110065462}.Ad-Hoc|iPhoneSimulator.ActiveCfg = Ad-Hoc|iPhoneSimulator
		{A8C96A08-3556-4594-90AD-7DE110065462}.Ad-Hoc|iPhoneSimulator.Build.0 = Ad-Hoc|iPhoneSimulator
		{A8C96A08-3556-4594-90AD-7DE110065462}.Ad-Hoc|x64.ActiveCfg = Ad-Hoc|iPhone
		{A8C96A08-3556-4594-90AD-7DE110065462}.Ad-Hoc|x86.ActiveCfg = Ad-Hoc|iPhone
		{A8C96A08-3556-4594-90AD-7DE110065462}.AppStore|Any CPU.ActiveCfg = AppStore|iPhone
		{A8C96A08-3556-4594-90AD-7DE110065462}.AppStore|ARM.ActiveCfg = AppStore|iPhone
		{A8C96A08-3556-4594-90AD-7DE110065462}.AppStore|iPhone.ActiveCfg = AppStore|iPhone
		{A8C96A08-3556-4594-90AD-7DE110065462}.AppStore|iPhone.Build.0 = AppStore|iPhone
		{A8C96A08-3556-4594-90AD-7DE110065462}.AppStore|iPhoneSimulator.ActiveCfg = AppStore|iPhoneSimulator
		{A8C96A08-3556-4594-90AD-7DE110065462}.AppStore|iPhoneSimulator.Build.0 = AppStore|iPhoneSimulator
		{A8C96A08-3556-4594-90AD-7DE110065462}.AppStore|x64.ActiveCfg = AppStore|iPhone
		{A8C96A08-3556-4594-90AD-7DE110065462}.AppStore|x86.ActiveCfg = AppStore|iPhone
		{A8C96A08-3556-4594-90AD-7DE110065462}.Debug|Any CPU.ActiveCfg = Debug|iPhone
		{A8C96A08-3556-4594-90AD-7DE110065462}.Debug|ARM.ActiveCfg = Debug|iPhone
		{A8C96A08-3556-4594-90AD-7DE110065462}.Debug|iPhone.ActiveCfg = Debug|iPhone
		{A8C96A08-3556-4594-90AD-7DE110065462}.Debug|iPhone.Build.0 = Debug|iPhone
		{A8C96A08-3556-4594-90AD-7DE110065462}.Debug|iPhoneSimulator.ActiveCfg = Debug|iPhoneSimulator
		{A8C96A08-3556-4594-90AD-7DE110065462}.Debug|iPhoneSimulator.Build.0 = Debug|iPhoneSimulator
		{A8C96A08-3556-4594-90AD-7DE110065462}.Debug|x64.ActiveCfg = Debug|iPhone
		{A8C96A08-3556-4594-90AD-7DE110065462}.Debug|x86.ActiveCfg = Debug|iPhone
		{A8C96A08-3556-4594-90AD-7DE110065462}.Release|Any CPU.ActiveCfg = Release|iPhone
		{A8C96A08-3556-4594-90AD-7DE110065462}.Release|ARM.ActiveCfg = Release|iPhone
		{A8C96A08-3556-4594-90AD-7DE110065462}.Release|iPhone.ActiveCfg = Release|iPhone
		{A8C96A08-3556-4594-90AD-7DE110065462}.Release|iPhone.Build.0 = Release|iPhone
		{A8C96A08-3556-4594-90AD-7DE110065462}.Release|iPhoneSimulator.ActiveCfg = Release|iPhoneSimulator
		{A8C96A08-3556-4594-90AD-7DE110065462}.Release|iPhoneSimulator.Build.0 = Release|iPhoneSimulator
		{A8C96A08-3556-4594-90AD-7DE110065462}.Release|x64.ActiveCfg = Release|iPhone
		{A8C96A08-3556-4594-90AD-7DE110065462}.Release|x86.ActiveCfg = Release|iPhone
		{233BC35C-9AD4-47C4-BFA7-BF5FC60438ED}.Ad-Hoc|Any CPU.ActiveCfg = Release|Any CPU
		{233BC35C-9AD4-47C4-BFA7-BF5FC60438ED}.Ad-Hoc|Any CPU.Build.0 = Release|Any CPU
		{233BC35C-9AD4-47C4-BFA7-BF5FC60438ED}.Ad-Hoc|Any CPU.Deploy.0 = Release|Any CPU
		{233BC35C-9AD4-47C4-BFA7-BF5FC60438ED}.Ad-Hoc|ARM.ActiveCfg = Release|ARM
		{233BC35C-9AD4-47C4-BFA7-BF5FC60438ED}.Ad-Hoc|ARM.Build.0 = Release|ARM
		{233BC35C-9AD4-47C4-BFA7-BF5FC60438ED}.Ad-Hoc|ARM.Deploy.0 = Release|ARM
		{233BC35C-9AD4-47C4-BFA7-BF5FC60438ED}.Ad-Hoc|iPhone.ActiveCfg = Release|Any CPU
		{233BC35C-9AD4-47C4-BFA7-BF5FC60438ED}.Ad-Hoc|iPhone.Build.0 = Release|Any CPU
		{233BC35C-9AD4-47C4-BFA7-BF5FC60438ED}.Ad-Hoc|iPhone.Deploy.0 = Release|Any CPU
		{233BC35C-9AD4-47C4-BFA7-BF5FC60438ED}.Ad-Hoc|iPhoneSimulator.ActiveCfg = Release|Any CPU
		{233BC35C-9AD4-47C4-BFA7-BF5FC60438ED}.Ad-Hoc|iPhoneSimulator.Build.0 = Release|Any CPU
		{233BC35C-9AD4-47C4-BFA7-BF5FC60438ED}.Ad-Hoc|iPhoneSimulator.Deploy.0 = Release|Any CPU
		{233BC35C-9AD4-47C4-BFA7-BF5FC60438ED}.Ad-Hoc|x64.ActiveCfg = Release|Any CPU
		{233BC35C-9AD4-47C4-BFA7-BF5FC60438ED}.Ad-Hoc|x64.Build.0 = Release|Any CPU
		{233BC35C-9AD4-47C4-BFA7-BF5FC60438ED}.Ad-Hoc|x64.Deploy.0 = Release|Any CPU
		{233BC35C-9AD4-47C4-BFA7-BF5FC60438ED}.Ad-Hoc|x86.ActiveCfg = Release|x86
		{233BC35C-9AD4-47C4-BFA7-BF5FC60438ED}.Ad-Hoc|x86.Build.0 = Release|x86
		{233BC35C-9AD4-47C4-BFA7-BF5FC60438ED}.Ad-Hoc|x86.Deploy.0 = Release|x86
		{233BC35C-9AD4-47C4-BFA7-BF5FC60438ED}.AppStore|Any CPU.ActiveCfg = Release|Any CPU
		{233BC35C-9AD4-47C4-BFA7-BF5FC60438ED}.AppStore|Any CPU.Build.0 = Release|Any CPU
		{233BC35C-9AD4-47C4-BFA7-BF5FC60438ED}.AppStore|Any CPU.Deploy.0 = Release|Any CPU
		{233BC35C-9AD4-47C4-BFA7-BF5FC60438ED}.AppStore|ARM.ActiveCfg = Release|ARM
		{233BC35C-9AD4-47C4-BFA7-BF5FC60438ED}.AppStore|ARM.Build.0 = Release|ARM
		{233BC35C-9AD4-47C4-BFA7-BF5FC60438ED}.AppStore|ARM.Deploy.0 = Release|ARM
		{233BC35C-9AD4-47C4-BFA7-BF5FC60438ED}.AppStore|iPhone.ActiveCfg = Release|Any CPU
		{233BC35C-9AD4-47C4-BFA7-BF5FC60438ED}.AppStore|iPhone.Build.0 = Release|Any CPU
		{233BC35C-9AD4-47C4-BFA7-BF5FC60438ED}.AppStore|iPhone.Deploy.0 = Release|Any CPU
		{233BC35C-9AD4-47C4-BFA7-BF5FC60438ED}.AppStore|iPhoneSimulator.ActiveCfg = Release|Any CPU
		{233BC35C-9AD4-47C4-BFA7-BF5FC60438ED}.AppStore|iPhoneSimulator.Build.0 = Release|Any CPU
		{233BC35C-9AD4-47C4-BFA7-BF5FC60438ED}.AppStore|iPhoneSimulator.Deploy.0 = Release|Any CPU
		{233BC35C-9AD4-47C4-BFA7-BF5FC60438ED}.AppStore|x64.ActiveCfg = Release|Any CPU
		{233BC35C-9AD4-47C4-BFA7-BF5FC60438ED}.AppStore|x64.Build.0 = Release|Any CPU
		{233BC35C-9AD4-47C4-BFA7-BF5FC60438ED}.AppStore|x64.Deploy.0 = Release|Any CPU
		{233BC35C-9AD4-47C4-BFA7-BF5FC60438ED}.AppStore|x86.ActiveCfg = Release|x86
		{233BC35C-9AD4-47C4-BFA7-BF5FC60438ED}.AppStore|x86.Build.0 = Release|x86
		{233BC35C-9AD4-47C4-BFA7-BF5FC60438ED}.AppStore|x86.Deploy.0 = Release|x86
		{233BC35C-9AD4-47C4-BFA7-BF5FC60438ED}.Debug|Any CPU.ActiveCfg = Debug|Any CPU
		{233BC35C-9AD4-47C4-BFA7-BF5FC60438ED}.Debug|Any CPU.Build.0 = Debug|Any CPU
		{233BC35C-9AD4-47C4-BFA7-BF5FC60438ED}.Debug|Any CPU.Deploy.0 = Debug|Any CPU
		{233BC35C-9AD4-47C4-BFA7-BF5FC60438ED}.Debug|ARM.ActiveCfg = Debug|ARM
		{233BC35C-9AD4-47C4-BFA7-BF5FC60438ED}.Debug|ARM.Build.0 = Debug|ARM
		{233BC35C-9AD4-47C4-BFA7-BF5FC60438ED}.Debug|ARM.Deploy.0 = Debug|ARM
		{233BC35C-9AD4-47C4-BFA7-BF5FC60438ED}.Debug|iPhone.ActiveCfg = Debug|Any CPU
		{233BC35C-9AD4-47C4-BFA7-BF5FC60438ED}.Debug|iPhone.Build.0 = Debug|Any CPU
		{233BC35C-9AD4-47C4-BFA7-BF5FC60438ED}.Debug|iPhone.Deploy.0 = Debug|Any CPU
		{233BC35C-9AD4-47C4-BFA7-BF5FC60438ED}.Debug|iPhoneSimulator.ActiveCfg = Debug|Any CPU
		{233BC35C-9AD4-47C4-BFA7-BF5FC60438ED}.Debug|iPhoneSimulator.Build.0 = Debug|Any CPU
		{233BC35C-9AD4-47C4-BFA7-BF5FC60438ED}.Debug|iPhoneSimulator.Deploy.0 = Debug|Any CPU
		{233BC35C-9AD4-47C4-BFA7-BF5FC60438ED}.Debug|x64.ActiveCfg = Debug|Any CPU
		{233BC35C-9AD4-47C4-BFA7-BF5FC60438ED}.Debug|x64.Build.0 = Debug|Any CPU
		{233BC35C-9AD4-47C4-BFA7-BF5FC60438ED}.Debug|x64.Deploy.0 = Debug|Any CPU
		{233BC35C-9AD4-47C4-BFA7-BF5FC60438ED}.Debug|x86.ActiveCfg = Debug|x86
		{233BC35C-9AD4-47C4-BFA7-BF5FC60438ED}.Debug|x86.Build.0 = Debug|x86
		{233BC35C-9AD4-47C4-BFA7-BF5FC60438ED}.Debug|x86.Deploy.0 = Debug|x86
		{233BC35C-9AD4-47C4-BFA7-BF5FC60438ED}.Release|Any CPU.ActiveCfg = Release|Any CPU
		{233BC35C-9AD4-47C4-BFA7-BF5FC60438ED}.Release|Any CPU.Build.0 = Release|Any CPU
		{233BC35C-9AD4-47C4-BFA7-BF5FC60438ED}.Release|Any CPU.Deploy.0 = Release|Any CPU
		{233BC35C-9AD4-47C4-BFA7-BF5FC60438ED}.Release|ARM.ActiveCfg = Release|ARM
		{233BC35C-9AD4-47C4-BFA7-BF5FC60438ED}.Release|ARM.Build.0 = Release|ARM
		{233BC35C-9AD4-47C4-BFA7-BF5FC60438ED}.Release|ARM.Deploy.0 = Release|ARM
		{233BC35C-9AD4-47C4-BFA7-BF5FC60438ED}.Release|iPhone.ActiveCfg = Release|Any CPU
		{233BC35C-9AD4-47C4-BFA7-BF5FC60438ED}.Release|iPhone.Build.0 = Release|Any CPU
		{233BC35C-9AD4-47C4-BFA7-BF5FC60438ED}.Release|iPhone.Deploy.0 = Release|Any CPU
		{233BC35C-9AD4-47C4-BFA7-BF5FC60438ED}.Release|iPhoneSimulator.ActiveCfg = Release|Any CPU
		{233BC35C-9AD4-47C4-BFA7-BF5FC60438ED}.Release|iPhoneSimulator.Build.0 = Release|Any CPU
		{233BC35C-9AD4-47C4-BFA7-BF5FC60438ED}.Release|iPhoneSimulator.Deploy.0 = Release|Any CPU
		{233BC35C-9AD4-47C4-BFA7-BF5FC60438ED}.Release|x64.ActiveCfg = Release|Any CPU
		{233BC35C-9AD4-47C4-BFA7-BF5FC60438ED}.Release|x64.Build.0 = Release|Any CPU
		{233BC35C-9AD4-47C4-BFA7-BF5FC60438ED}.Release|x64.Deploy.0 = Release|Any CPU
		{233BC35C-9AD4-47C4-BFA7-BF5FC60438ED}.Release|x86.ActiveCfg = Release|x86
		{233BC35C-9AD4-47C4-BFA7-BF5FC60438ED}.Release|x86.Build.0 = Release|x86
		{233BC35C-9AD4-47C4-BFA7-BF5FC60438ED}.Release|x86.Deploy.0 = Release|x86
		{FD0E6DC1-534C-4537-BC06-88AB526B0E69}.Ad-Hoc|Any CPU.ActiveCfg = Release|Any CPU
		{FD0E6DC1-534C-4537-BC06-88AB526B0E69}.Ad-Hoc|Any CPU.Build.0 = Release|Any CPU
		{FD0E6DC1-534C-4537-BC06-88AB526B0E69}.Ad-Hoc|Any CPU.Deploy.0 = Release|Any CPU
		{FD0E6DC1-534C-4537-BC06-88AB526B0E69}.Ad-Hoc|ARM.ActiveCfg = Release|ARM
		{FD0E6DC1-534C-4537-BC06-88AB526B0E69}.Ad-Hoc|ARM.Build.0 = Release|ARM
		{FD0E6DC1-534C-4537-BC06-88AB526B0E69}.Ad-Hoc|ARM.Deploy.0 = Release|ARM
		{FD0E6DC1-534C-4537-BC06-88AB526B0E69}.Ad-Hoc|iPhone.ActiveCfg = Release|Any CPU
		{FD0E6DC1-534C-4537-BC06-88AB526B0E69}.Ad-Hoc|iPhone.Build.0 = Release|Any CPU
		{FD0E6DC1-534C-4537-BC06-88AB526B0E69}.Ad-Hoc|iPhone.Deploy.0 = Release|Any CPU
		{FD0E6DC1-534C-4537-BC06-88AB526B0E69}.Ad-Hoc|iPhoneSimulator.ActiveCfg = Release|Any CPU
		{FD0E6DC1-534C-4537-BC06-88AB526B0E69}.Ad-Hoc|iPhoneSimulator.Build.0 = Release|Any CPU
		{FD0E6DC1-534C-4537-BC06-88AB526B0E69}.Ad-Hoc|iPhoneSimulator.Deploy.0 = Release|Any CPU
		{FD0E6DC1-534C-4537-BC06-88AB526B0E69}.Ad-Hoc|x64.ActiveCfg = Release|x64
		{FD0E6DC1-534C-4537-BC06-88AB526B0E69}.Ad-Hoc|x64.Build.0 = Release|x64
		{FD0E6DC1-534C-4537-BC06-88AB526B0E69}.Ad-Hoc|x64.Deploy.0 = Release|x64
		{FD0E6DC1-534C-4537-BC06-88AB526B0E69}.Ad-Hoc|x86.ActiveCfg = Release|x86
		{FD0E6DC1-534C-4537-BC06-88AB526B0E69}.Ad-Hoc|x86.Build.0 = Release|x86
		{FD0E6DC1-534C-4537-BC06-88AB526B0E69}.Ad-Hoc|x86.Deploy.0 = Release|x86
		{FD0E6DC1-534C-4537-BC06-88AB526B0E69}.AppStore|Any CPU.ActiveCfg = Release|Any CPU
		{FD0E6DC1-534C-4537-BC06-88AB526B0E69}.AppStore|Any CPU.Build.0 = Release|Any CPU
		{FD0E6DC1-534C-4537-BC06-88AB526B0E69}.AppStore|Any CPU.Deploy.0 = Release|Any CPU
		{FD0E6DC1-534C-4537-BC06-88AB526B0E69}.AppStore|ARM.ActiveCfg = Release|ARM
		{FD0E6DC1-534C-4537-BC06-88AB526B0E69}.AppStore|ARM.Build.0 = Release|ARM
		{FD0E6DC1-534C-4537-BC06-88AB526B0E69}.AppStore|ARM.Deploy.0 = Release|ARM
		{FD0E6DC1-534C-4537-BC06-88AB526B0E69}.AppStore|iPhone.ActiveCfg = Release|Any CPU
		{FD0E6DC1-534C-4537-BC06-88AB526B0E69}.AppStore|iPhone.Build.0 = Release|Any CPU
		{FD0E6DC1-534C-4537-BC06-88AB526B0E69}.AppStore|iPhone.Deploy.0 = Release|Any CPU
		{FD0E6DC1-534C-4537-BC06-88AB526B0E69}.AppStore|iPhoneSimulator.ActiveCfg = Release|Any CPU
		{FD0E6DC1-534C-4537-BC06-88AB526B0E69}.AppStore|iPhoneSimulator.Build.0 = Release|Any CPU
		{FD0E6DC1-534C-4537-BC06-88AB526B0E69}.AppStore|iPhoneSimulator.Deploy.0 = Release|Any CPU
		{FD0E6DC1-534C-4537-BC06-88AB526B0E69}.AppStore|x64.ActiveCfg = Release|x64
		{FD0E6DC1-534C-4537-BC06-88AB526B0E69}.AppStore|x64.Build.0 = Release|x64
		{FD0E6DC1-534C-4537-BC06-88AB526B0E69}.AppStore|x64.Deploy.0 = Release|x64
		{FD0E6DC1-534C-4537-BC06-88AB526B0E69}.AppStore|x86.ActiveCfg = Release|x86
		{FD0E6DC1-534C-4537-BC06-88AB526B0E69}.AppStore|x86.Build.0 = Release|x86
		{FD0E6DC1-534C-4537-BC06-88AB526B0E69}.AppStore|x86.Deploy.0 = Release|x86
		{FD0E6DC1-534C-4537-BC06-88AB526B0E69}.Debug|Any CPU.ActiveCfg = Debug|Any CPU
		{FD0E6DC1-534C-4537-BC06-88AB526B0E69}.Debug|Any CPU.Build.0 = Debug|Any CPU
		{FD0E6DC1-534C-4537-BC06-88AB526B0E69}.Debug|Any CPU.Deploy.0 = Debug|Any CPU
		{FD0E6DC1-534C-4537-BC06-88AB526B0E69}.Debug|ARM.ActiveCfg = Debug|ARM
		{FD0E6DC1-534C-4537-BC06-88AB526B0E69}.Debug|ARM.Build.0 = Debug|ARM
		{FD0E6DC1-534C-4537-BC06-88AB526B0E69}.Debug|ARM.Deploy.0 = Debug|ARM
		{FD0E6DC1-534C-4537-BC06-88AB526B0E69}.Debug|iPhone.ActiveCfg = Debug|Any CPU
		{FD0E6DC1-534C-4537-BC06-88AB526B0E69}.Debug|iPhone.Build.0 = Debug|Any CPU
		{FD0E6DC1-534C-4537-BC06-88AB526B0E69}.Debug|iPhone.Deploy.0 = Debug|Any CPU
		{FD0E6DC1-534C-4537-BC06-88AB526B0E69}.Debug|iPhoneSimulator.ActiveCfg = Debug|Any CPU
		{FD0E6DC1-534C-4537-BC06-88AB526B0E69}.Debug|iPhoneSimulator.Build.0 = Debug|Any CPU
		{FD0E6DC1-534C-4537-BC06-88AB526B0E69}.Debug|iPhoneSimulator.Deploy.0 = Debug|Any CPU
		{FD0E6DC1-534C-4537-BC06-88AB526B0E69}.Debug|x64.ActiveCfg = Debug|x64
		{FD0E6DC1-534C-4537-BC06-88AB526B0E69}.Debug|x64.Build.0 = Debug|x64
		{FD0E6DC1-534C-4537-BC06-88AB526B0E69}.Debug|x64.Deploy.0 = Debug|x64
		{FD0E6DC1-534C-4537-BC06-88AB526B0E69}.Debug|x86.ActiveCfg = Debug|x86
		{FD0E6DC1-534C-4537-BC06-88AB526B0E69}.Debug|x86.Build.0 = Debug|x86
		{FD0E6DC1-534C-4537-BC06-88AB526B0E69}.Debug|x86.Deploy.0 = Debug|x86
		{FD0E6DC1-534C-4537-BC06-88AB526B0E69}.Release|Any CPU.ActiveCfg = Release|Any CPU
		{FD0E6DC1-534C-4537-BC06-88AB526B0E69}.Release|Any CPU.Build.0 = Release|Any CPU
		{FD0E6DC1-534C-4537-BC06-88AB526B0E69}.Release|Any CPU.Deploy.0 = Release|Any CPU
		{FD0E6DC1-534C-4537-BC06-88AB526B0E69}.Release|ARM.ActiveCfg = Release|ARM
		{FD0E6DC1-534C-4537-BC06-88AB526B0E69}.Release|ARM.Build.0 = Release|ARM
		{FD0E6DC1-534C-4537-BC06-88AB526B0E69}.Release|ARM.Deploy.0 = Release|ARM
		{FD0E6DC1-534C-4537-BC06-88AB526B0E69}.Release|iPhone.ActiveCfg = Release|Any CPU
		{FD0E6DC1-534C-4537-BC06-88AB526B0E69}.Release|iPhone.Build.0 = Release|Any CPU
		{FD0E6DC1-534C-4537-BC06-88AB526B0E69}.Release|iPhone.Deploy.0 = Release|Any CPU
		{FD0E6DC1-534C-4537-BC06-88AB526B0E69}.Release|iPhoneSimulator.ActiveCfg = Release|Any CPU
		{FD0E6DC1-534C-4537-BC06-88AB526B0E69}.Release|iPhoneSimulator.Build.0 = Release|Any CPU
		{FD0E6DC1-534C-4537-BC06-88AB526B0E69}.Release|iPhoneSimulator.Deploy.0 = Release|Any CPU
		{FD0E6DC1-534C-4537-BC06-88AB526B0E69}.Release|x64.ActiveCfg = Release|x64
		{FD0E6DC1-534C-4537-BC06-88AB526B0E69}.Release|x64.Build.0 = Release|x64
		{FD0E6DC1-534C-4537-BC06-88AB526B0E69}.Release|x64.Deploy.0 = Release|x64
		{FD0E6DC1-534C-4537-BC06-88AB526B0E69}.Release|x86.ActiveCfg = Release|x86
		{FD0E6DC1-534C-4537-BC06-88AB526B0E69}.Release|x86.Build.0 = Release|x86
		{FD0E6DC1-534C-4537-BC06-88AB526B0E69}.Release|x86.Deploy.0 = Release|x86
		{39596278-2DE8-40CA-BAA1-46DF16D088E0}.Ad-Hoc|Any CPU.ActiveCfg = Release|Any CPU
		{39596278-2DE8-40CA-BAA1-46DF16D088E0}.Ad-Hoc|Any CPU.Build.0 = Release|Any CPU
		{39596278-2DE8-40CA-BAA1-46DF16D088E0}.Ad-Hoc|ARM.ActiveCfg = Release|Any CPU
		{39596278-2DE8-40CA-BAA1-46DF16D088E0}.Ad-Hoc|ARM.Build.0 = Release|Any CPU
		{39596278-2DE8-40CA-BAA1-46DF16D088E0}.Ad-Hoc|iPhone.ActiveCfg = Release|Any CPU
		{39596278-2DE8-40CA-BAA1-46DF16D088E0}.Ad-Hoc|iPhone.Build.0 = Release|Any CPU
		{39596278-2DE8-40CA-BAA1-46DF16D088E0}.Ad-Hoc|iPhoneSimulator.ActiveCfg = Release|Any CPU
		{39596278-2DE8-40CA-BAA1-46DF16D088E0}.Ad-Hoc|iPhoneSimulator.Build.0 = Release|Any CPU
		{39596278-2DE8-40CA-BAA1-46DF16D088E0}.Ad-Hoc|x64.ActiveCfg = Release|Any CPU
		{39596278-2DE8-40CA-BAA1-46DF16D088E0}.Ad-Hoc|x64.Build.0 = Release|Any CPU
		{39596278-2DE8-40CA-BAA1-46DF16D088E0}.Ad-Hoc|x86.ActiveCfg = Release|Any CPU
		{39596278-2DE8-40CA-BAA1-46DF16D088E0}.Ad-Hoc|x86.Build.0 = Release|Any CPU
		{39596278-2DE8-40CA-BAA1-46DF16D088E0}.AppStore|Any CPU.ActiveCfg = Release|Any CPU
		{39596278-2DE8-40CA-BAA1-46DF16D088E0}.AppStore|Any CPU.Build.0 = Release|Any CPU
		{39596278-2DE8-40CA-BAA1-46DF16D088E0}.AppStore|ARM.ActiveCfg = Release|Any CPU
		{39596278-2DE8-40CA-BAA1-46DF16D088E0}.AppStore|ARM.Build.0 = Release|Any CPU
		{39596278-2DE8-40CA-BAA1-46DF16D088E0}.AppStore|iPhone.ActiveCfg = Release|Any CPU
		{39596278-2DE8-40CA-BAA1-46DF16D088E0}.AppStore|iPhone.Build.0 = Release|Any CPU
		{39596278-2DE8-40CA-BAA1-46DF16D088E0}.AppStore|iPhoneSimulator.ActiveCfg = Release|Any CPU
		{39596278-2DE8-40CA-BAA1-46DF16D088E0}.AppStore|iPhoneSimulator.Build.0 = Release|Any CPU
		{39596278-2DE8-40CA-BAA1-46DF16D088E0}.AppStore|x64.ActiveCfg = Release|Any CPU
		{39596278-2DE8-40CA-BAA1-46DF16D088E0}.AppStore|x64.Build.0 = Release|Any CPU
		{39596278-2DE8-40CA-BAA1-46DF16D088E0}.AppStore|x86.ActiveCfg = Release|Any CPU
		{39596278-2DE8-40CA-BAA1-46DF16D088E0}.AppStore|x86.Build.0 = Release|Any CPU
		{39596278-2DE8-40CA-BAA1-46DF16D088E0}.Debug|Any CPU.ActiveCfg = Debug|Any CPU
		{39596278-2DE8-40CA-BAA1-46DF16D088E0}.Debug|Any CPU.Build.0 = Debug|Any CPU
		{39596278-2DE8-40CA-BAA1-46DF16D088E0}.Debug|ARM.ActiveCfg = Debug|Any CPU
		{39596278-2DE8-40CA-BAA1-46DF16D088E0}.Debug|ARM.Build.0 = Debug|Any CPU
		{39596278-2DE8-40CA-BAA1-46DF16D088E0}.Debug|iPhone.ActiveCfg = Debug|Any CPU
		{39596278-2DE8-40CA-BAA1-46DF16D088E0}.Debug|iPhone.Build.0 = Debug|Any CPU
		{39596278-2DE8-40CA-BAA1-46DF16D088E0}.Debug|iPhoneSimulator.ActiveCfg = Debug|Any CPU
		{39596278-2DE8-40CA-BAA1-46DF16D088E0}.Debug|iPhoneSimulator.Build.0 = Debug|Any CPU
		{39596278-2DE8-40CA-BAA1-46DF16D088E0}.Debug|x64.ActiveCfg = Debug|Any CPU
		{39596278-2DE8-40CA-BAA1-46DF16D088E0}.Debug|x64.Build.0 = Debug|Any CPU
		{39596278-2DE8-40CA-BAA1-46DF16D088E0}.Debug|x86.ActiveCfg = Debug|Any CPU
		{39596278-2DE8-40CA-BAA1-46DF16D088E0}.Debug|x86.Build.0 = Debug|Any CPU
		{39596278-2DE8-40CA-BAA1-46DF16D088E0}.Release|Any CPU.ActiveCfg = Release|Any CPU
		{39596278-2DE8-40CA-BAA1-46DF16D088E0}.Release|Any CPU.Build.0 = Release|Any CPU
		{39596278-2DE8-40CA-BAA1-46DF16D088E0}.Release|ARM.ActiveCfg = Release|Any CPU
		{39596278-2DE8-40CA-BAA1-46DF16D088E0}.Release|ARM.Build.0 = Release|Any CPU
		{39596278-2DE8-40CA-BAA1-46DF16D088E0}.Release|iPhone.ActiveCfg = Release|Any CPU
		{39596278-2DE8-40CA-BAA1-46DF16D088E0}.Release|iPhone.Build.0 = Release|Any CPU
		{39596278-2DE8-40CA-BAA1-46DF16D088E0}.Release|iPhoneSimulator.ActiveCfg = Release|Any CPU
		{39596278-2DE8-40CA-BAA1-46DF16D088E0}.Release|iPhoneSimulator.Build.0 = Release|Any CPU
		{39596278-2DE8-40CA-BAA1-46DF16D088E0}.Release|x64.ActiveCfg = Release|Any CPU
		{39596278-2DE8-40CA-BAA1-46DF16D088E0}.Release|x64.Build.0 = Release|Any CPU
		{39596278-2DE8-40CA-BAA1-46DF16D088E0}.Release|x86.ActiveCfg = Release|Any CPU
		{39596278-2DE8-40CA-BAA1-46DF16D088E0}.Release|x86.Build.0 = Release|Any CPU
	EndGlobalSection
	GlobalSection(SolutionProperties) = preSolution
		HideSolutionNode = FALSE
	EndGlobalSection
EndGlobal
